
Microsoft Visual Studio Solution File, Format Version 12.00
# Visual Studio Version 16
VisualStudioVersion = 16.0.29728.190
MinimumVisualStudioVersion = 15.0.26124.0
Project("{9A19103F-16F7-4668-BE54-9A1E7A4F7556}") = "SarkilarSozler.Services", "SarkilarSozler.Services\SarkilarSozler.Services.csproj", "{964C5722-8157-4E26-9722-9ABC5B069430}"
EndProject
Project("{FAE04EC0-301F-11D3-BF4B-00C04F79EFBC}") = "SarkilarSozler.NetCore", "SarkilarSozler.NetCore\SarkilarSozler.NetCore.csproj", "{BCAED50E-6156-410F-9728-7757A2083C6C}"
	ProjectSection(ProjectDependencies) = postProject
		{964C5722-8157-4E26-9722-9ABC5B069430} = {964C5722-8157-4E26-9722-9ABC5B069430}
	EndProjectSection
EndProject
Project("{FAE04EC0-301F-11D3-BF4B-00C04F79EFBC}") = "SarkilarSozler.Data", "SarkilarSozler.Data\SarkilarSozler.Data.csproj", "{F0C8C498-90C8-44E6-B1B9-8FF801220EC3}"
	ProjectSection(ProjectDependencies) = postProject
		{BCAED50E-6156-410F-9728-7757A2083C6C} = {BCAED50E-6156-410F-9728-7757A2083C6C}
		{964C5722-8157-4E26-9722-9ABC5B069430} = {964C5722-8157-4E26-9722-9ABC5B069430}
	EndProjectSection
EndProject
Project("{FAE04EC0-301F-11D3-BF4B-00C04F79EFBC}") = "SarkilarSozler.Api", "SarkilarSozler.Api\SarkilarSozler.Api.csproj", "{898905D2-C361-4CEC-A3A1-A60BFFA7A361}"
EndProject
Global
	GlobalSection(SolutionConfigurationPlatforms) = preSolution
		Debug|Any CPU = Debug|Any CPU
		Debug|x64 = Debug|x64
		Debug|x86 = Debug|x86
		Release|Any CPU = Release|Any CPU
		Release|x64 = Release|x64
		Release|x86 = Release|x86
	EndGlobalSection
	GlobalSection(ProjectConfigurationPlatforms) = postSolution
		{964C5722-8157-4E26-9722-9ABC5B069430}.Debug|Any CPU.ActiveCfg = Debug|Any CPU
		{964C5722-8157-4E26-9722-9ABC5B069430}.Debug|Any CPU.Build.0 = Debug|Any CPU
		{964C5722-8157-4E26-9722-9ABC5B069430}.Debug|x64.ActiveCfg = Debug|Any CPU
		{964C5722-8157-4E26-9722-9ABC5B069430}.Debug|x64.Build.0 = Debug|Any CPU
		{964C5722-8157-4E26-9722-9ABC5B069430}.Debug|x86.ActiveCfg = Debug|Any CPU
		{964C5722-8157-4E26-9722-9ABC5B069430}.Debug|x86.Build.0 = Debug|Any CPU
		{964C5722-8157-4E26-9722-9ABC5B069430}.Release|Any CPU.ActiveCfg = Release|Any CPU
		{964C5722-8157-4E26-9722-9ABC5B069430}.Release|Any CPU.Build.0 = Release|Any CPU
		{964C5722-8157-4E26-9722-9ABC5B069430}.Release|x64.ActiveCfg = Release|Any CPU
		{964C5722-8157-4E26-9722-9ABC5B069430}.Release|x64.Build.0 = Release|Any CPU
		{964C5722-8157-4E26-9722-9ABC5B069430}.Release|x86.ActiveCfg = Release|Any CPU
		{964C5722-8157-4E26-9722-9ABC5B069430}.Release|x86.Build.0 = Release|Any CPU
		{BCAED50E-6156-410F-9728-7757A2083C6C}.Debug|Any CPU.ActiveCfg = Debug|Any CPU
		{BCAED50E-6156-410F-9728-7757A2083C6C}.Debug|Any CPU.Build.0 = Debug|Any CPU
		{BCAED50E-6156-410F-9728-7757A2083C6C}.Debug|x64.ActiveCfg = Debug|Any CPU
		{BCAED50E-6156-410F-9728-7757A2083C6C}.Debug|x64.Build.0 = Debug|Any CPU
		{BCAED50E-6156-410F-9728-7757A2083C6C}.Debug|x86.ActiveCfg = Debug|Any CPU
		{BCAED50E-6156-410F-9728-7757A2083C6C}.Debug|x86.Build.0 = Debug|Any CPU
		{BCAED50E-6156-410F-9728-7757A2083C6C}.Release|Any CPU.ActiveCfg = Release|Any CPU
		{BCAED50E-6156-410F-9728-7757A2083C6C}.Release|Any CPU.Build.0 = Release|Any CPU
		{BCAED50E-6156-410F-9728-7757A2083C6C}.Release|x64.ActiveCfg = Release|Any CPU
		{BCAED50E-6156-410F-9728-7757A2083C6C}.Release|x64.Build.0 = Release|Any CPU
		{BCAED50E-6156-410F-9728-7757A2083C6C}.Release|x86.ActiveCfg = Release|Any CPU
		{BCAED50E-6156-410F-9728-7757A2083C6C}.Release|x86.Build.0 = Release|Any CPU
		{F0C8C498-90C8-44E6-B1B9-8FF801220EC3}.Debug|Any CPU.ActiveCfg = Debug|Any CPU
		{F0C8C498-90C8-44E6-B1B9-8FF801220EC3}.Debug|Any CPU.Build.0 = Debug|Any CPU
		{F0C8C498-90C8-44E6-B1B9-8FF801220EC3}.Debug|x64.ActiveCfg = Debug|Any CPU
		{F0C8C498-90C8-44E6-B1B9-8FF801220EC3}.Debug|x64.Build.0 = Debug|Any CPU
		{F0C8C498-90C8-44E6-B1B9-8FF801220EC3}.Debug|x86.ActiveCfg = Debug|Any CPU
		{F0C8C498-90C8-44E6-B1B9-8FF801220EC3}.Debug|x86.Build.0 = Debug|Any CPU
		{F0C8C498-90C8-44E6-B1B9-8FF801220EC3}.Release|Any CPU.ActiveCfg = Release|Any CPU
		{F0C8C498-90C8-44E6-B1B9-8FF801220EC3}.Release|Any CPU.Build.0 = Release|Any CPU
		{F0C8C498-90C8-44E6-B1B9-8FF801220EC3}.Release|x64.ActiveCfg = Release|Any CPU
		{F0C8C498-90C8-44E6-B1B9-8FF801220EC3}.Release|x64.Build.0 = Release|Any CPU
		{F0C8C498-90C8-44E6-B1B9-8FF801220EC3}.Release|x86.ActiveCfg = Release|Any CPU
		{F0C8C498-90C8-44E6-B1B9-8FF801220EC3}.Release|x86.Build.0 = Release|Any CPU
		{898905D2-C361-4CEC-A3A1-A60BFFA7A361}.Debug|Any CPU.ActiveCfg = Debug|Any CPU
		{898905D2-C361-4CEC-A3A1-A60BFFA7A361}.Debug|Any CPU.Build.0 = Debug|Any CPU
		{898905D2-C361-4CEC-A3A1-A60BFFA7A361}.Debug|x64.ActiveCfg = Debug|Any CPU
		{898905D2-C361-4CEC-A3A1-A60BFFA7A361}.Debug|x64.Build.0 = Debug|Any CPU
		{898905D2-C361-4CEC-A3A1-A60BFFA7A361}.Debug|x86.ActiveCfg = Debug|Any CPU
		{898905D2-C361-4CEC-A3A1-A60BFFA7A361}.Debug|x86.Build.0 = Debug|Any CPU
		{898905D2-C361-4CEC-A3A1-A60BFFA7A361}.Release|Any CPU.ActiveCfg = Release|Any CPU
		{898905D2-C361-4CEC-A3A1-A60BFFA7A361}.Release|Any CPU.Build.0 = Release|Any CPU
		{898905D2-C361-4CEC-A3A1-A60BFFA7A361}.Release|x64.ActiveCfg = Release|Any CPU
		{898905D2-C361-4CEC-A3A1-A60BFFA7A361}.Release|x64.Build.0 = Release|Any CPU
		{898905D2-C361-4CEC-A3A1-A60BFFA7A361}.Release|x86.ActiveCfg = Release|Any CPU
		{898905D2-C361-4CEC-A3A1-A60BFFA7A361}.Release|x86.Build.0 = Release|Any CPU
	EndGlobalSection
	GlobalSection(SolutionProperties) = preSolution
		HideSolutionNode = FALSE
	EndGlobalSection
	GlobalSection(ExtensibilityGlobals) = postSolution
		SolutionGuid = {CAC64D51-BFFF-4A6F-83CB-42B8354B2BCC}
	EndGlobalSection
EndGlobal
